
Microsoft Visual Studio Solution File, Format Version 12.00
# Visual Studio Version 17
VisualStudioVersion = 17.8.34601.278
MinimumVisualStudioVersion = 10.0.40219.1
Project("{8BC9CEB8-8B4A-11D0-8D11-00A0C91BC942}") = "WoodsAaronLab7", "WoodsAaronLab7\WoodsAaronLab7.vcxproj", "{BFC4F6DD-4923-4707-BA9A-1AB2943CEAAA}"
EndProject
Global
	GlobalSection(SolutionConfigurationPlatforms) = preSolution
		Debug|x64 = Debug|x64
		Debug|x86 = Debug|x86
		Release|x64 = Release|x64
		Release|x86 = Release|x86
	EndGlobalSection
	GlobalSection(ProjectConfigurationPlatforms) = postSolution
		{BFC4F6DD-4923-4707-BA9A-1AB2943CEAAA}.Debug|x64.ActiveCfg = Debug|x64
		{BFC4F6DD-4923-4707-BA9A-1AB2943CEAAA}.Debug|x64.Build.0 = Debug|x64
		{BFC4F6DD-4923-4707-BA9A-1AB2943CEAAA}.Debug|x86.ActiveCfg = Debug|Win32
		{BFC4F6DD-4923-4707-BA9A-1AB2943CEAAA}.Debug|x86.Build.0 = Debug|Win32
		{BFC4F6DD-4923-4707-BA9A-1AB2943CEAAA}.Release|x64.ActiveCfg = Release|x64
		{BFC4F6DD-4923-4707-BA9A-1AB2943CEAAA}.Release|x64.Build.0 = Release|x64
		{BFC4F6DD-4923-4707-BA9A-1AB2943CEAAA}.Release|x86.ActiveCfg = Release|Win32
		{BFC4F6DD-4923-4707-BA9A-1AB2943CEAAA}.Release|x86.Build.0 = Release|Win32
	EndGlobalSection
	GlobalSection(SolutionProperties) = preSolution
		HideSolutionNode = FALSE
	EndGlobalSection
	GlobalSection(ExtensibilityGlobals) = postSolution
		SolutionGuid = {94FCD985-1376-4CF4-BF5B-9A4A375C0F32}
	EndGlobalSection
EndGlobal
